
Microsoft Visual Studio Solution File, Format Version 12.00
# Visual Studio Version 17
VisualStudioVersion = 17.9.34607.119
MinimumVisualStudioVersion = 10.0.40219.1
Project("{FAE04EC0-301F-11D3-BF4B-00C04F79EFBC}") = "EJournal", "EJournal\EJournal.csproj", "{47AA22C4-AC1D-4F41-8A9C-A25A68B43929}"
EndProject
Global
	GlobalSection(SolutionConfigurationPlatforms) = preSolution
		Debug|Any CPU = Debug|Any CPU
		Release|Any CPU = Release|Any CPU
	EndGlobalSection
	GlobalSection(ProjectConfigurationPlatforms) = postSolution
		{47AA22C4-AC1D-4F41-8A9C-A25A68B43929}.Debug|Any CPU.ActiveCfg = Debug|Any CPU
		{47AA22C4-AC1D-4F41-8A9C-A25A68B43929}.Debug|Any CPU.Build.0 = Debug|Any CPU
		{47AA22C4-AC1D-4F41-8A9C-A25A68B43929}.Release|Any CPU.ActiveCfg = Release|Any CPU
		{47AA22C4-AC1D-4F41-8A9C-A25A68B43929}.Release|Any CPU.Build.0 = Release|Any CPU
	EndGlobalSection
	GlobalSection(SolutionProperties) = preSolution
		HideSolutionNode = FALSE
	EndGlobalSection
	GlobalSection(ExtensibilityGlobals) = postSolution
		SolutionGuid = {A2ADBB92-9F06-4213-B8DB-2DDB28C6D765}
	EndGlobalSection
EndGlobal
